
Microsoft Visual Studio Solution File, Format Version 11.00
# Visual Studio 2010
Project("{FAE04EC0-301F-11D3-BF4B-00C04F79EFBC}") = "Unity.Timeline", "Unity.Timeline.csproj", "{254d9dc1-6bbc-f469-1204-42119e32eb73}"
EndProject
Project("{FAE04EC0-301F-11D3-BF4B-00C04F79EFBC}") = "Unity.Timeline.Editor", "Unity.Timeline.Editor.csproj", "{0854f15f-475c-9321-e234-12d949b01423}"
EndProject
Project("{FAE04EC0-301F-11D3-BF4B-00C04F79EFBC}") = "Unity.ShaderGraph.Editor", "Unity.ShaderGraph.Editor.csproj", "{69ad2429-ddee-abf6-636f-72667fb31165}"
EndProject
Project("{FAE04EC0-301F-11D3-BF4B-00C04F79EFBC}") = "Unity.RenderPipelines.Universal.Editor", "Unity.RenderPipelines.Universal.Editor.csproj", "{07a8547d-1971-64fe-5358-57a3e20c2024}"
EndProject
Project("{FAE04EC0-301F-11D3-BF4B-00C04F79EFBC}") = "Unity.TextMeshPro.Editor", "Unity.TextMeshPro.Editor.csproj", "{3eafd38f-fdcd-4bb6-dccb-043c6a3373d5}"
EndProject
Project("{FAE04EC0-301F-11D3-BF4B-00C04F79EFBC}") = "Mirror.Examples", "Mirror.Examples.csproj", "{7c9fec3e-1bde-d148-38cf-8da222a801b4}"
EndProject
Project("{FAE04EC0-301F-11D3-BF4B-00C04F79EFBC}") = "Mirror", "Mirror.csproj", "{ad2b5ab7-20d7-3880-cca3-9e445f8364b9}"
EndProject
Project("{FAE04EC0-301F-11D3-BF4B-00C04F79EFBC}") = "Unity.RenderPipelines.Universal.Runtime", "Unity.RenderPipelines.Universal.Runtime.csproj", "{4e5d6576-bd68-2622-50f8-726da2190468}"
EndProject
Project("{FAE04EC0-301F-11D3-BF4B-00C04F79EFBC}") = "UnityEditor.UI", "UnityEditor.UI.csproj", "{54ccbdd7-641f-a02e-c1ca-b8d2546fd54e}"
EndProject
Project("{FAE04EC0-301F-11D3-BF4B-00C04F79EFBC}") = "Unity.RenderPipelines.Core.Runtime", "Unity.RenderPipelines.Core.Runtime.csproj", "{91f972c8-2a99-29ba-36a0-f8a812b4627b}"
EndProject
Project("{FAE04EC0-301F-11D3-BF4B-00C04F79EFBC}") = "Unity.Mathematics", "Unity.Mathematics.csproj", "{0eadf1a0-8fcd-bcc1-558b-1181f2cd1a9f}"
EndProject
Project("{FAE04EC0-301F-11D3-BF4B-00C04F79EFBC}") = "Unity.RenderPipelines.Core.Editor", "Unity.RenderPipelines.Core.Editor.csproj", "{7f6e1568-0120-d5a5-7b26-f37ed4390044}"
EndProject
Project("{FAE04EC0-301F-11D3-BF4B-00C04F79EFBC}") = "UnityEditor.TestRunner", "UnityEditor.TestRunner.csproj", "{f9b65462-d13d-4b13-86b6-e7116a836e3e}"
EndProject
Project("{FAE04EC0-301F-11D3-BF4B-00C04F79EFBC}") = "Unity.Mirror.CodeGen", "Unity.Mirror.CodeGen.csproj", "{d64a779b-f31f-2c4f-cbcd-bf406d49e329}"
EndProject
Project("{FAE04EC0-301F-11D3-BF4B-00C04F79EFBC}") = "UnityEngine.TestRunner", "UnityEngine.TestRunner.csproj", "{e3cdc75e-0b04-065a-747f-3f40cbf341e4}"
EndProject
Project("{FAE04EC0-301F-11D3-BF4B-00C04F79EFBC}") = "Unity.Searcher.Editor", "Unity.Searcher.Editor.csproj", "{c7a6cbff-eb1b-6fd4-abfd-e5caabe78c36}"
EndProject
Project("{FAE04EC0-301F-11D3-BF4B-00C04F79EFBC}") = "Unity.Burst", "Unity.Burst.csproj", "{1ae32e47-8314-e741-8dd7-3ac1596d1eba}"
EndProject
Project("{FAE04EC0-301F-11D3-BF4B-00C04F79EFBC}") = "Mirror.Components", "Mirror.Components.csproj", "{fd1f75fd-e5ee-baf9-15c1-4f20ab2f0d96}"
EndProject
Project("{FAE04EC0-301F-11D3-BF4B-00C04F79EFBC}") = "UnityEngine.UI", "UnityEngine.UI.csproj", "{275ca3d7-943e-e9b9-6a6c-f3311e2fcf08}"
EndProject
Project("{FAE04EC0-301F-11D3-BF4B-00C04F79EFBC}") = "Unity.AI.Navigation.Editor", "Unity.AI.Navigation.Editor.csproj", "{972c00f7-f25c-9747-126b-cb78ce66578a}"
EndProject
Project("{FAE04EC0-301F-11D3-BF4B-00C04F79EFBC}") = "kcp2k", "kcp2k.csproj", "{2ce1b946-5ea5-81d8-a187-12120516c35b}"
EndProject
Project("{FAE04EC0-301F-11D3-BF4B-00C04F79EFBC}") = "Unity.VisualStudio.Editor", "Unity.VisualStudio.Editor.csproj", "{4e46808d-c6a0-805c-2dc6-f8b66b484b0a}"
EndProject
Project("{FAE04EC0-301F-11D3-BF4B-00C04F79EFBC}") = "Mirror.Editor", "Mirror.Editor.csproj", "{d323b7bb-dadc-1cf7-e91f-5b16a44131a6}"
EndProject
Project("{FAE04EC0-301F-11D3-BF4B-00C04F79EFBC}") = "PPv2URPConverters", "PPv2URPConverters.csproj", "{1243c9b0-75da-bc8d-332f-2714da0e8851}"
EndProject
Project("{FAE04EC0-301F-11D3-BF4B-00C04F79EFBC}") = "Unity.Rider.Editor", "Unity.Rider.Editor.csproj", "{0f5cc2b5-49eb-9332-d87f-3634ecb52528}"
EndProject
Project("{FAE04EC0-301F-11D3-BF4B-00C04F79EFBC}") = "Assembly-CSharp", "Assembly-CSharp.csproj", "{d21852ba-0d82-1c39-7881-29e1e49426be}"
EndProject
Project("{FAE04EC0-301F-11D3-BF4B-00C04F79EFBC}") = "Telepathy", "Telepathy.csproj", "{5ace3fb6-f0da-5f85-96f5-f82214babf5d}"
EndProject
Project("{FAE04EC0-301F-11D3-BF4B-00C04F79EFBC}") = "Unity.AI.Navigation", "Unity.AI.Navigation.csproj", "{d6755989-b8ce-d2cb-ebfe-60da4ab424de}"
EndProject
Project("{FAE04EC0-301F-11D3-BF4B-00C04F79EFBC}") = "SimpleWebTransport", "SimpleWebTransport.csproj", "{e6e4093e-2517-0d78-04c7-eb41881b6734}"
EndProject
Project("{FAE04EC0-301F-11D3-BF4B-00C04F79EFBC}") = "Unity.AI.Navigation.Editor.ConversionSystem", "Unity.AI.Navigation.Editor.ConversionSystem.csproj", "{34214ec7-5e6e-d689-8ecf-333d6e2a5345}"
EndProject
Project("{FAE04EC0-301F-11D3-BF4B-00C04F79EFBC}") = "Unity.Burst.CodeGen", "Unity.Burst.CodeGen.csproj", "{110c8d36-459f-9d1d-6879-d5c2aaa5da4c}"
EndProject
Project("{FAE04EC0-301F-11D3-BF4B-00C04F79EFBC}") = "Unity.RenderPipeline.Universal.ShaderLibrary", "Unity.RenderPipeline.Universal.ShaderLibrary.csproj", "{85a35b8a-04c6-579d-3450-c9e5d634a4be}"
EndProject
Project("{FAE04EC0-301F-11D3-BF4B-00C04F79EFBC}") = "Unity.TextMeshPro", "Unity.TextMeshPro.csproj", "{faec6609-3d8c-008e-74f1-9ce00ce4a2f0}"
EndProject
Project("{FAE04EC0-301F-11D3-BF4B-00C04F79EFBC}") = "Unity.VSCode.Editor", "Unity.VSCode.Editor.csproj", "{ba3033a2-bdb0-7f4e-c6a3-c62b949b5aef}"
EndProject
Project("{FAE04EC0-301F-11D3-BF4B-00C04F79EFBC}") = "Unity.Burst.Editor", "Unity.Burst.Editor.csproj", "{74b2939c-526c-82f6-3b65-80c8c8809aa3}"
EndProject
Project("{FAE04EC0-301F-11D3-BF4B-00C04F79EFBC}") = "Unity.AI.Navigation.Updater", "Unity.AI.Navigation.Updater.csproj", "{3530c976-29ef-4b64-75f0-c2ade0168313}"
EndProject
Project("{FAE04EC0-301F-11D3-BF4B-00C04F79EFBC}") = "Mirror.Authenticators", "Mirror.Authenticators.csproj", "{c3f959ff-b22d-c7c1-9c69-27942e5144f2}"
EndProject
Project("{FAE04EC0-301F-11D3-BF4B-00C04F79EFBC}") = "Unity.ShaderGraph.Utilities", "Unity.ShaderGraph.Utilities.csproj", "{4a64d8f1-f0f0-4639-bbcc-4c77f4362a00}"
EndProject
Project("{FAE04EC0-301F-11D3-BF4B-00C04F79EFBC}") = "Mirror.Transports", "Mirror.Transports.csproj", "{edd1b5e2-7e24-a1f6-078e-2f575703166a}"
EndProject
Project("{FAE04EC0-301F-11D3-BF4B-00C04F79EFBC}") = "Unity.Mathematics.Editor", "Unity.Mathematics.Editor.csproj", "{d6b91fd6-9a6c-e4ca-61c3-caf7e6fc483f}"
EndProject
Project("{FAE04EC0-301F-11D3-BF4B-00C04F79EFBC}") = "Mirror.CompilerSymbols", "Mirror.CompilerSymbols.csproj", "{9de36c93-5a24-28cb-31fb-209e3135c166}"
EndProject
Project("{FAE04EC0-301F-11D3-BF4B-00C04F79EFBC}") = "Unity.RenderPipelines.ShaderGraph.ShaderGraphLibrary", "Unity.RenderPipelines.ShaderGraph.ShaderGraphLibrary.csproj", "{9299f848-5589-4493-6009-555f202c1644}"
EndProject
Project("{FAE04EC0-301F-11D3-BF4B-00C04F79EFBC}") = "Unity.RenderPipelines.Core.ShaderLibrary", "Unity.RenderPipelines.Core.ShaderLibrary.csproj", "{a3580ed9-ff24-5be4-c981-7e0200877923}"
EndProject
Project("{FAE04EC0-301F-11D3-BF4B-00C04F79EFBC}") = "Unity.RenderPipelines.Universal.Shaders", "Unity.RenderPipelines.Universal.Shaders.csproj", "{1a5c0e4e-d465-f5f3-d70d-728ddd959ddc}"
EndProject
Global
	GlobalSection(SolutionConfigurationPlatforms) = preSolution
		Debug|Any CPU = Debug|Any CPU
	EndGlobalSection
	GlobalSection(ProjectConfigurationPlatforms) = postSolution
		{254d9dc1-6bbc-f469-1204-42119e32eb73}.Debug|Any CPU.ActiveCfg = Debug|Any CPU
		{254d9dc1-6bbc-f469-1204-42119e32eb73}.Debug|Any CPU.Build.0 = Debug|Any CPU
		{0854f15f-475c-9321-e234-12d949b01423}.Debug|Any CPU.ActiveCfg = Debug|Any CPU
		{0854f15f-475c-9321-e234-12d949b01423}.Debug|Any CPU.Build.0 = Debug|Any CPU
		{69ad2429-ddee-abf6-636f-72667fb31165}.Debug|Any CPU.ActiveCfg = Debug|Any CPU
		{69ad2429-ddee-abf6-636f-72667fb31165}.Debug|Any CPU.Build.0 = Debug|Any CPU
		{07a8547d-1971-64fe-5358-57a3e20c2024}.Debug|Any CPU.ActiveCfg = Debug|Any CPU
		{07a8547d-1971-64fe-5358-57a3e20c2024}.Debug|Any CPU.Build.0 = Debug|Any CPU
		{3eafd38f-fdcd-4bb6-dccb-043c6a3373d5}.Debug|Any CPU.ActiveCfg = Debug|Any CPU
		{3eafd38f-fdcd-4bb6-dccb-043c6a3373d5}.Debug|Any CPU.Build.0 = Debug|Any CPU
		{7c9fec3e-1bde-d148-38cf-8da222a801b4}.Debug|Any CPU.ActiveCfg = Debug|Any CPU
		{7c9fec3e-1bde-d148-38cf-8da222a801b4}.Debug|Any CPU.Build.0 = Debug|Any CPU
		{ad2b5ab7-20d7-3880-cca3-9e445f8364b9}.Debug|Any CPU.ActiveCfg = Debug|Any CPU
		{ad2b5ab7-20d7-3880-cca3-9e445f8364b9}.Debug|Any CPU.Build.0 = Debug|Any CPU
		{4e5d6576-bd68-2622-50f8-726da2190468}.Debug|Any CPU.ActiveCfg = Debug|Any CPU
		{4e5d6576-bd68-2622-50f8-726da2190468}.Debug|Any CPU.Build.0 = Debug|Any CPU
		{54ccbdd7-641f-a02e-c1ca-b8d2546fd54e}.Debug|Any CPU.ActiveCfg = Debug|Any CPU
		{54ccbdd7-641f-a02e-c1ca-b8d2546fd54e}.Debug|Any CPU.Build.0 = Debug|Any CPU
		{91f972c8-2a99-29ba-36a0-f8a812b4627b}.Debug|Any CPU.ActiveCfg = Debug|Any CPU
		{91f972c8-2a99-29ba-36a0-f8a812b4627b}.Debug|Any CPU.Build.0 = Debug|Any CPU
		{0eadf1a0-8fcd-bcc1-558b-1181f2cd1a9f}.Debug|Any CPU.ActiveCfg = Debug|Any CPU
		{0eadf1a0-8fcd-bcc1-558b-1181f2cd1a9f}.Debug|Any CPU.Build.0 = Debug|Any CPU
		{7f6e1568-0120-d5a5-7b26-f37ed4390044}.Debug|Any CPU.ActiveCfg = Debug|Any CPU
		{7f6e1568-0120-d5a5-7b26-f37ed4390044}.Debug|Any CPU.Build.0 = Debug|Any CPU
		{f9b65462-d13d-4b13-86b6-e7116a836e3e}.Debug|Any CPU.ActiveCfg = Debug|Any CPU
		{f9b65462-d13d-4b13-86b6-e7116a836e3e}.Debug|Any CPU.Build.0 = Debug|Any CPU
		{d64a779b-f31f-2c4f-cbcd-bf406d49e329}.Debug|Any CPU.ActiveCfg = Debug|Any CPU
		{d64a779b-f31f-2c4f-cbcd-bf406d49e329}.Debug|Any CPU.Build.0 = Debug|Any CPU
		{e3cdc75e-0b04-065a-747f-3f40cbf341e4}.Debug|Any CPU.ActiveCfg = Debug|Any CPU
		{e3cdc75e-0b04-065a-747f-3f40cbf341e4}.Debug|Any CPU.Build.0 = Debug|Any CPU
		{c7a6cbff-eb1b-6fd4-abfd-e5caabe78c36}.Debug|Any CPU.ActiveCfg = Debug|Any CPU
		{c7a6cbff-eb1b-6fd4-abfd-e5caabe78c36}.Debug|Any CPU.Build.0 = Debug|Any CPU
		{1ae32e47-8314-e741-8dd7-3ac1596d1eba}.Debug|Any CPU.ActiveCfg = Debug|Any CPU
		{1ae32e47-8314-e741-8dd7-3ac1596d1eba}.Debug|Any CPU.Build.0 = Debug|Any CPU
		{fd1f75fd-e5ee-baf9-15c1-4f20ab2f0d96}.Debug|Any CPU.ActiveCfg = Debug|Any CPU
		{fd1f75fd-e5ee-baf9-15c1-4f20ab2f0d96}.Debug|Any CPU.Build.0 = Debug|Any CPU
		{275ca3d7-943e-e9b9-6a6c-f3311e2fcf08}.Debug|Any CPU.ActiveCfg = Debug|Any CPU
		{275ca3d7-943e-e9b9-6a6c-f3311e2fcf08}.Debug|Any CPU.Build.0 = Debug|Any CPU
		{972c00f7-f25c-9747-126b-cb78ce66578a}.Debug|Any CPU.ActiveCfg = Debug|Any CPU
		{972c00f7-f25c-9747-126b-cb78ce66578a}.Debug|Any CPU.Build.0 = Debug|Any CPU
		{2ce1b946-5ea5-81d8-a187-12120516c35b}.Debug|Any CPU.ActiveCfg = Debug|Any CPU
		{2ce1b946-5ea5-81d8-a187-12120516c35b}.Debug|Any CPU.Build.0 = Debug|Any CPU
		{4e46808d-c6a0-805c-2dc6-f8b66b484b0a}.Debug|Any CPU.ActiveCfg = Debug|Any CPU
		{4e46808d-c6a0-805c-2dc6-f8b66b484b0a}.Debug|Any CPU.Build.0 = Debug|Any CPU
		{d323b7bb-dadc-1cf7-e91f-5b16a44131a6}.Debug|Any CPU.ActiveCfg = Debug|Any CPU
		{d323b7bb-dadc-1cf7-e91f-5b16a44131a6}.Debug|Any CPU.Build.0 = Debug|Any CPU
		{1243c9b0-75da-bc8d-332f-2714da0e8851}.Debug|Any CPU.ActiveCfg = Debug|Any CPU
		{1243c9b0-75da-bc8d-332f-2714da0e8851}.Debug|Any CPU.Build.0 = Debug|Any CPU
		{0f5cc2b5-49eb-9332-d87f-3634ecb52528}.Debug|Any CPU.ActiveCfg = Debug|Any CPU
		{0f5cc2b5-49eb-9332-d87f-3634ecb52528}.Debug|Any CPU.Build.0 = Debug|Any CPU
		{d21852ba-0d82-1c39-7881-29e1e49426be}.Debug|Any CPU.ActiveCfg = Debug|Any CPU
		{d21852ba-0d82-1c39-7881-29e1e49426be}.Debug|Any CPU.Build.0 = Debug|Any CPU
		{5ace3fb6-f0da-5f85-96f5-f82214babf5d}.Debug|Any CPU.ActiveCfg = Debug|Any CPU
		{5ace3fb6-f0da-5f85-96f5-f82214babf5d}.Debug|Any CPU.Build.0 = Debug|Any CPU
		{d6755989-b8ce-d2cb-ebfe-60da4ab424de}.Debug|Any CPU.ActiveCfg = Debug|Any CPU
		{d6755989-b8ce-d2cb-ebfe-60da4ab424de}.Debug|Any CPU.Build.0 = Debug|Any CPU
		{e6e4093e-2517-0d78-04c7-eb41881b6734}.Debug|Any CPU.ActiveCfg = Debug|Any CPU
		{e6e4093e-2517-0d78-04c7-eb41881b6734}.Debug|Any CPU.Build.0 = Debug|Any CPU
		{34214ec7-5e6e-d689-8ecf-333d6e2a5345}.Debug|Any CPU.ActiveCfg = Debug|Any CPU
		{34214ec7-5e6e-d689-8ecf-333d6e2a5345}.Debug|Any CPU.Build.0 = Debug|Any CPU
		{110c8d36-459f-9d1d-6879-d5c2aaa5da4c}.Debug|Any CPU.ActiveCfg = Debug|Any CPU
		{110c8d36-459f-9d1d-6879-d5c2aaa5da4c}.Debug|Any CPU.Build.0 = Debug|Any CPU
		{85a35b8a-04c6-579d-3450-c9e5d634a4be}.Debug|Any CPU.ActiveCfg = Debug|Any CPU
		{85a35b8a-04c6-579d-3450-c9e5d634a4be}.Debug|Any CPU.Build.0 = Debug|Any CPU
		{faec6609-3d8c-008e-74f1-9ce00ce4a2f0}.Debug|Any CPU.ActiveCfg = Debug|Any CPU
		{faec6609-3d8c-008e-74f1-9ce00ce4a2f0}.Debug|Any CPU.Build.0 = Debug|Any CPU
		{ba3033a2-bdb0-7f4e-c6a3-c62b949b5aef}.Debug|Any CPU.ActiveCfg = Debug|Any CPU
		{ba3033a2-bdb0-7f4e-c6a3-c62b949b5aef}.Debug|Any CPU.Build.0 = Debug|Any CPU
		{74b2939c-526c-82f6-3b65-80c8c8809aa3}.Debug|Any CPU.ActiveCfg = Debug|Any CPU
		{74b2939c-526c-82f6-3b65-80c8c8809aa3}.Debug|Any CPU.Build.0 = Debug|Any CPU
		{3530c976-29ef-4b64-75f0-c2ade0168313}.Debug|Any CPU.ActiveCfg = Debug|Any CPU
		{3530c976-29ef-4b64-75f0-c2ade0168313}.Debug|Any CPU.Build.0 = Debug|Any CPU
		{c3f959ff-b22d-c7c1-9c69-27942e5144f2}.Debug|Any CPU.ActiveCfg = Debug|Any CPU
		{c3f959ff-b22d-c7c1-9c69-27942e5144f2}.Debug|Any CPU.Build.0 = Debug|Any CPU
		{4a64d8f1-f0f0-4639-bbcc-4c77f4362a00}.Debug|Any CPU.ActiveCfg = Debug|Any CPU
		{4a64d8f1-f0f0-4639-bbcc-4c77f4362a00}.Debug|Any CPU.Build.0 = Debug|Any CPU
		{edd1b5e2-7e24-a1f6-078e-2f575703166a}.Debug|Any CPU.ActiveCfg = Debug|Any CPU
		{edd1b5e2-7e24-a1f6-078e-2f575703166a}.Debug|Any CPU.Build.0 = Debug|Any CPU
		{d6b91fd6-9a6c-e4ca-61c3-caf7e6fc483f}.Debug|Any CPU.ActiveCfg = Debug|Any CPU
		{d6b91fd6-9a6c-e4ca-61c3-caf7e6fc483f}.Debug|Any CPU.Build.0 = Debug|Any CPU
		{9de36c93-5a24-28cb-31fb-209e3135c166}.Debug|Any CPU.ActiveCfg = Debug|Any CPU
		{9de36c93-5a24-28cb-31fb-209e3135c166}.Debug|Any CPU.Build.0 = Debug|Any CPU
		{9299f848-5589-4493-6009-555f202c1644}.Debug|Any CPU.ActiveCfg = Debug|Any CPU
		{9299f848-5589-4493-6009-555f202c1644}.Debug|Any CPU.Build.0 = Debug|Any CPU
		{a3580ed9-ff24-5be4-c981-7e0200877923}.Debug|Any CPU.ActiveCfg = Debug|Any CPU
		{a3580ed9-ff24-5be4-c981-7e0200877923}.Debug|Any CPU.Build.0 = Debug|Any CPU
		{1a5c0e4e-d465-f5f3-d70d-728ddd959ddc}.Debug|Any CPU.ActiveCfg = Debug|Any CPU
		{1a5c0e4e-d465-f5f3-d70d-728ddd959ddc}.Debug|Any CPU.Build.0 = Debug|Any CPU
	EndGlobalSection
	GlobalSection(SolutionProperties) = preSolution
		HideSolutionNode = FALSE
	EndGlobalSection
EndGlobal
